
Microsoft Visual Studio Solution File, Format Version 12.00
# Visual Studio Version 17
VisualStudioVersion = 17.6.33723.286
MinimumVisualStudioVersion = 10.0.40219.1
Project("{FAE04EC0-301F-11D3-BF4B-00C04F79EFBC}") = "UI", "UI\UI.csproj", "{7B5A6C6C-9055-4E0C-BA58-7465E76DEA33}"
EndProject
Project("{FAE04EC0-301F-11D3-BF4B-00C04F79EFBC}") = "Model", "Model\Model.csproj", "{2E18DE96-6F07-443C-ACE6-F17E397E81B8}"
EndProject
Project("{FAE04EC0-301F-11D3-BF4B-00C04F79EFBC}") = "Tests", "Tests\Tests.csproj", "{B7E46CFB-A966-47BB-BBD8-E6700C7FFA3D}"
EndProject
Global
	GlobalSection(SolutionConfigurationPlatforms) = preSolution
		Debug|Any CPU = Debug|Any CPU
		Release|Any CPU = Release|Any CPU
	EndGlobalSection
	GlobalSection(ProjectConfigurationPlatforms) = postSolution
		{7B5A6C6C-9055-4E0C-BA58-7465E76DEA33}.Debug|Any CPU.ActiveCfg = Debug|Any CPU
		{7B5A6C6C-9055-4E0C-BA58-7465E76DEA33}.Debug|Any CPU.Build.0 = Debug|Any CPU
		{7B5A6C6C-9055-4E0C-BA58-7465E76DEA33}.Release|Any CPU.ActiveCfg = Release|Any CPU
		{7B5A6C6C-9055-4E0C-BA58-7465E76DEA33}.Release|Any CPU.Build.0 = Release|Any CPU
		{2E18DE96-6F07-443C-ACE6-F17E397E81B8}.Debug|Any CPU.ActiveCfg = Debug|Any CPU
		{2E18DE96-6F07-443C-ACE6-F17E397E81B8}.Debug|Any CPU.Build.0 = Debug|Any CPU
		{2E18DE96-6F07-443C-ACE6-F17E397E81B8}.Release|Any CPU.ActiveCfg = Release|Any CPU
		{2E18DE96-6F07-443C-ACE6-F17E397E81B8}.Release|Any CPU.Build.0 = Release|Any CPU
		{B7E46CFB-A966-47BB-BBD8-E6700C7FFA3D}.Debug|Any CPU.ActiveCfg = Debug|Any CPU
		{B7E46CFB-A966-47BB-BBD8-E6700C7FFA3D}.Debug|Any CPU.Build.0 = Debug|Any CPU
		{B7E46CFB-A966-47BB-BBD8-E6700C7FFA3D}.Release|Any CPU.ActiveCfg = Release|Any CPU
		{B7E46CFB-A966-47BB-BBD8-E6700C7FFA3D}.Release|Any CPU.Build.0 = Release|Any CPU
	EndGlobalSection
	GlobalSection(SolutionProperties) = preSolution
		HideSolutionNode = FALSE
	EndGlobalSection
	GlobalSection(ExtensibilityGlobals) = postSolution
		SolutionGuid = {E0280BA4-36FA-45D4-9B1F-004E9F7B95F0}
	EndGlobalSection
EndGlobal
